
Microsoft Visual Studio Solution File, Format Version 12.00
# Visual Studio Version 16
VisualStudioVersion = 16.0.30225.117
MinimumVisualStudioVersion = 10.0.40219.1
Project("{9A19103F-16F7-4668-BE54-9A1E7A4F7556}") = "Baitapcuoituan", "Baitapcuoituan\Baitapcuoituan.csproj", "{B411209D-B649-446F-AEA5-98DC10462991}"
EndProject
Project("{FAE04EC0-301F-11D3-BF4B-00C04F79EFBC}") = "Baitap1", "Baitapcuoituanlan2\Baitap1.csproj", "{940DC2F3-A2B4-4CC1-9919-DAB3412EE339}"
EndProject
Project("{FAE04EC0-301F-11D3-BF4B-00C04F79EFBC}") = "BAi2", "BAi2\BAi2.csproj", "{34AEE627-4E72-417C-A008-BA810C5A9077}"
EndProject
Project("{FAE04EC0-301F-11D3-BF4B-00C04F79EFBC}") = "Bai3", "Bai3\Bai3.csproj", "{BD05E7C6-EDC7-4F67-936B-D0B76649E391}"
EndProject
Global
	GlobalSection(SolutionConfigurationPlatforms) = preSolution
		Debug|Any CPU = Debug|Any CPU
		Release|Any CPU = Release|Any CPU
	EndGlobalSection
	GlobalSection(ProjectConfigurationPlatforms) = postSolution
		{B411209D-B649-446F-AEA5-98DC10462991}.Debug|Any CPU.ActiveCfg = Debug|Any CPU
		{B411209D-B649-446F-AEA5-98DC10462991}.Debug|Any CPU.Build.0 = Debug|Any CPU
		{B411209D-B649-446F-AEA5-98DC10462991}.Release|Any CPU.ActiveCfg = Release|Any CPU
		{B411209D-B649-446F-AEA5-98DC10462991}.Release|Any CPU.Build.0 = Release|Any CPU
		{940DC2F3-A2B4-4CC1-9919-DAB3412EE339}.Debug|Any CPU.ActiveCfg = Debug|Any CPU
		{940DC2F3-A2B4-4CC1-9919-DAB3412EE339}.Debug|Any CPU.Build.0 = Debug|Any CPU
		{940DC2F3-A2B4-4CC1-9919-DAB3412EE339}.Release|Any CPU.ActiveCfg = Release|Any CPU
		{940DC2F3-A2B4-4CC1-9919-DAB3412EE339}.Release|Any CPU.Build.0 = Release|Any CPU
		{34AEE627-4E72-417C-A008-BA810C5A9077}.Debug|Any CPU.ActiveCfg = Debug|Any CPU
		{34AEE627-4E72-417C-A008-BA810C5A9077}.Debug|Any CPU.Build.0 = Debug|Any CPU
		{34AEE627-4E72-417C-A008-BA810C5A9077}.Release|Any CPU.ActiveCfg = Release|Any CPU
		{34AEE627-4E72-417C-A008-BA810C5A9077}.Release|Any CPU.Build.0 = Release|Any CPU
		{BD05E7C6-EDC7-4F67-936B-D0B76649E391}.Debug|Any CPU.ActiveCfg = Debug|Any CPU
		{BD05E7C6-EDC7-4F67-936B-D0B76649E391}.Debug|Any CPU.Build.0 = Debug|Any CPU
		{BD05E7C6-EDC7-4F67-936B-D0B76649E391}.Release|Any CPU.ActiveCfg = Release|Any CPU
		{BD05E7C6-EDC7-4F67-936B-D0B76649E391}.Release|Any CPU.Build.0 = Release|Any CPU
	EndGlobalSection
	GlobalSection(SolutionProperties) = preSolution
		HideSolutionNode = FALSE
	EndGlobalSection
	GlobalSection(ExtensibilityGlobals) = postSolution
		SolutionGuid = {27CA5E3D-58F3-4DDC-98CF-3B9DC1BDCEC0}
	EndGlobalSection
EndGlobal
